
Microsoft Visual Studio Solution File, Format Version 12.00
# Visual Studio Version 17
VisualStudioVersion = 17.7.34031.279
MinimumVisualStudioVersion = 10.0.40219.1
Project("{9A19103F-16F7-4668-BE54-9A1E7A4F7556}") = "EPVV_CBR.RU", "EPVV_CBR.RU\EPVV_CBR.RU.csproj", "{7B40518B-1EED-42C9-B2D0-619C656E8FFF}"
EndProject
Project("{9A19103F-16F7-4668-BE54-9A1E7A4F7556}") = "EPVV_CBR.RU.Tests", "EPVV_CBR.RU.Tests\EPVV_CBR.RU.Tests.csproj", "{B3A17F5F-3B92-478F-8688-EACE5427E6E0}"
EndProject
Global
	GlobalSection(SolutionConfigurationPlatforms) = preSolution
		Debug|Any CPU = Debug|Any CPU
		Release|Any CPU = Release|Any CPU
	EndGlobalSection
	GlobalSection(ProjectConfigurationPlatforms) = postSolution
		{7B40518B-1EED-42C9-B2D0-619C656E8FFF}.Debug|Any CPU.ActiveCfg = Debug|Any CPU
		{7B40518B-1EED-42C9-B2D0-619C656E8FFF}.Debug|Any CPU.Build.0 = Debug|Any CPU
		{7B40518B-1EED-42C9-B2D0-619C656E8FFF}.Release|Any CPU.ActiveCfg = Release|Any CPU
		{7B40518B-1EED-42C9-B2D0-619C656E8FFF}.Release|Any CPU.Build.0 = Release|Any CPU
		{B3A17F5F-3B92-478F-8688-EACE5427E6E0}.Debug|Any CPU.ActiveCfg = Debug|Any CPU
		{B3A17F5F-3B92-478F-8688-EACE5427E6E0}.Debug|Any CPU.Build.0 = Debug|Any CPU
		{B3A17F5F-3B92-478F-8688-EACE5427E6E0}.Release|Any CPU.ActiveCfg = Release|Any CPU
		{B3A17F5F-3B92-478F-8688-EACE5427E6E0}.Release|Any CPU.Build.0 = Release|Any CPU
	EndGlobalSection
	GlobalSection(SolutionProperties) = preSolution
		HideSolutionNode = FALSE
	EndGlobalSection
	GlobalSection(ExtensibilityGlobals) = postSolution
		SolutionGuid = {FA08386D-A524-4E50-BE7B-C6D09E3AF7FF}
	EndGlobalSection
EndGlobal
